{
  "name": "bowie",
  "version": "1.0.0",
  "lockfileVersion": 1,
  "requires": true,
  "dependencies": {
    "bit-twiddle": {
      "version": "1.0.2",
      "resolved": "https://registry.npmjs.org/bit-twiddle/-/bit-twiddle-1.0.2.tgz",
      "integrity": "sha1-DGwfq+KyPRcXPZpht7cJPrnhdp4="
    },
    "buffer-alloc": {
      "version": "1.2.0",
      "resolved": "https://registry.npmjs.org/buffer-alloc/-/buffer-alloc-1.2.0.tgz",
      "integrity": "sha512-CFsHQgjtW1UChdXgbyJGtnm+O/uLQeZdtbDo8mfUgYXCHSM1wgrVxXm6bSyrUuErEb+4sYVGCzASBRot7zyrow==",
      "requires": {
        "buffer-alloc-unsafe": "^1.1.0",
        "buffer-fill": "^1.0.0"
      }
    },
    "buffer-alloc-unsafe": {
      "version": "1.1.0",
      "resolved": "https://registry.npmjs.org/buffer-alloc-unsafe/-/buffer-alloc-unsafe-1.1.0.tgz",
      "integrity": "sha512-TEM2iMIEQdJ2yjPJoSIsldnleVaAk1oW3DBVUykyOLsEsFmEc9kn+SFFPz+gl54KQNxlDnAwCXosOS9Okx2xAg=="
    },
    "buffer-fill": {
      "version": "1.0.0",
      "resolved": "https://registry.npmjs.org/buffer-fill/-/buffer-fill-1.0.0.tgz",
      "integrity": "sha1-+PeLdniYiO858gXNY39o5wISKyw="
    },
    "buffer-from": {
      "version": "1.1.1",
      "resolved": "https://registry.npmjs.org/buffer-from/-/buffer-from-1.1.1.tgz",
      "integrity": "sha512-MQcXEUbCKtEo7bhqEs6560Hyd4XaovZlO/k9V3hjVUF/zwW7KBVdSK4gIt/bzwS9MbR5qob+F5jusZsb0YQK2A=="
    },
    "commander": {
      "version": "2.19.0",
      "resolved": "https://registry.npmjs.org/commander/-/commander-2.19.0.tgz",
      "integrity": "sha512-6tvAOO+D6OENvRAh524Dh9jcfKTYDQAqvqezbCW82xj5X0pSrcpxtvRKHLG0yBY6SD7PSDrJaj+0AiOcKVd1Xg=="
    },
    "core-util-is": {
      "version": "1.0.2",
      "resolved": "https://registry.npmjs.org/core-util-is/-/core-util-is-1.0.2.tgz",
      "integrity": "sha1-tf1UIgqivFq1eqtxQMlAdUUDwac="
    },
    "debug": {
      "version": "2.6.9",
      "resolved": "https://registry.npmjs.org/debug/-/debug-2.6.9.tgz",
      "integrity": "sha512-bC7ElrdJaJnPbAP+1EotYvqZsb3ecl5wi6Bfi6BJTUcNowp6cvspg0jXznRTKDjm/E7AdgFBVeAPVMNcKGsHMA==",
      "requires": {
        "ms": "2.0.0"
      }
    },
    "fft-js": {
      "version": "0.0.11",
      "resolved": "https://registry.npmjs.org/fft-js/-/fft-js-0.0.11.tgz",
      "integrity": "sha1-NONcNlCIFaobhvNAoOeshbjKa9U=",
      "requires": {
        "bit-twiddle": "~1.0.2",
        "commander": "~2.7.1"
      },
      "dependencies": {
        "commander": {
          "version": "2.7.1",
          "resolved": "https://registry.npmjs.org/commander/-/commander-2.7.1.tgz",
          "integrity": "sha1-XUGaK77Swy7j5Nypu0Wrg+zDBlo=",
          "requires": {
            "graceful-readlink": ">= 1.0.0"
          }
        }
      }
    },
    "graceful-readlink": {
      "version": "1.0.1",
      "resolved": "https://registry.npmjs.org/graceful-readlink/-/graceful-readlink-1.0.1.tgz",
      "integrity": "sha1-TK+tdrxi8C+gObL5Tpo906ORpyU="
    },
    "inherits": {
      "version": "2.0.3",
      "resolved": "https://registry.npmjs.org/inherits/-/inherits-2.0.3.tgz",
      "integrity": "sha1-Yzwsg+PaQqUC9SRmAiSA9CCCYd4="
    },
    "isarray": {
      "version": "0.0.1",
      "resolved": "https://registry.npmjs.org/isarray/-/isarray-0.0.1.tgz",
      "integrity": "sha1-ihis/Kmo9Bd+Cav8YDiTmwXR7t8="
    },
    "mfcc": {
      "version": "file:node-mfcc",
      "requires": {
        "commander": "^2.8.1",
        "dct": "^0.0.3",
        "fft-js": "0.0.9",
        "signal-windows": "^0.0.1",
        "wav": "^1.0.0"
      },
      "dependencies": {
        "dct": {
          "version": "0.0.3",
          "bundled": true
        },
        "fft-js": {
          "version": "0.0.9",
          "bundled": true,
          "requires": {
            "bit-twiddle": "~1.0.2",
            "commander": "~2.7.1"
          },
          "dependencies": {
            "commander": {
              "version": "2.7.1",
              "bundled": true,
              "requires": {
                "graceful-readlink": ">= 1.0.0"
              }
            }
          }
        }
      }
    },
    "ms": {
      "version": "2.0.0",
      "resolved": "https://registry.npmjs.org/ms/-/ms-2.0.0.tgz",
      "integrity": "sha1-VgiurfwAvmwpAd9fmGF4jeDVl8g="
    },
    "neataptic": {
      "version": "1.4.7",
      "resolved": "https://registry.npmjs.org/neataptic/-/neataptic-1.4.7.tgz",
      "integrity": "sha512-nnCkg5QitBYXRB6MpJEhGwqDp/oIaD8RthXb8VmpYYxA8XGdMyATwOEuDFgBGlvmR8hNEzYy6E/a6LT6HngSCQ=="
    },
    "neural-data-normalizer": {
      "version": "1.1.0",
      "resolved": "https://registry.npmjs.org/neural-data-normalizer/-/neural-data-normalizer-1.1.0.tgz",
      "integrity": "sha512-eSQmBXOgAJLeZ+kivwK4ahwuxluM1ssqIw2SFKLh60uC+dOsSObgfow5t5S2CUO92A/JieFx6rCg5j07PGEiRg==",
      "requires": {
        "synaptic": "^1.1.4"
      }
    },
    "readable-stream": {
      "version": "1.1.14",
      "resolved": "https://registry.npmjs.org/readable-stream/-/readable-stream-1.1.14.tgz",
      "integrity": "sha1-fPTFTvZI44EwhMY23SB54WbAgdk=",
      "requires": {
        "core-util-is": "~1.0.0",
        "inherits": "~2.0.1",
        "isarray": "0.0.1",
        "string_decoder": "~0.10.x"
      }
    },
    "signal-windows": {
      "version": "0.0.1",
      "resolved": "https://registry.npmjs.org/signal-windows/-/signal-windows-0.0.1.tgz",
      "integrity": "sha1-1JTBv6T8Ycl0IpwwTfogGpIiqAI="
    },
    "stream-parser": {
      "version": "0.3.1",
      "resolved": "https://registry.npmjs.org/stream-parser/-/stream-parser-0.3.1.tgz",
      "integrity": "sha1-FhhUhpRCACGhGC/wrxkRwSl2F3M=",
      "requires": {
        "debug": "2"
      }
    },
    "string_decoder": {
      "version": "0.10.31",
      "resolved": "https://registry.npmjs.org/string_decoder/-/string_decoder-0.10.31.tgz",
      "integrity": "sha1-YuIDvEF2bGwoyfyEMB2rHFMQ+pQ="
    },
    "synaptic": {
      "version": "1.1.4",
      "resolved": "https://registry.npmjs.org/synaptic/-/synaptic-1.1.4.tgz",
      "integrity": "sha512-JFtU98VDFI0uBTowgySo+UUEkc7rSVHaxx9D6dR5BK6u81G7uAxcp32Gi2SHciLpFbvJVd1Pfz7aqSNQO4EH9Q=="
    },
    "wav": {
      "version": "1.0.2",
      "resolved": "https://registry.npmjs.org/wav/-/wav-1.0.2.tgz",
      "integrity": "sha512-viHtz3cDd/Tcr/HbNqzQCofKdF6kWUymH9LGDdskfWFoIy/HJ+RTihgjEcHfnsy1PO4e9B+y4HwgTwMrByquhg==",
      "requires": {
        "buffer-alloc": "^1.1.0",
        "buffer-from": "^1.0.0",
        "debug": "^2.2.0",
        "readable-stream": "^1.1.14",
        "stream-parser": "^0.3.1"
      }
    }
  }
}
